
Microsoft Visual Studio Solution File, Format Version 12.00
# Visual Studio Version 16
VisualStudioVersion = 16.0.29424.173
MinimumVisualStudioVersion = 10.0.40219.1
Project("{FAE04EC0-301F-11D3-BF4B-00C04F79EFBC}") = "TwoKeyDictionaryMain", "TwoKeyDictionaryMain\TwoKeyDictionaryMain.csproj", "{7FD8AD9F-ED77-43FD-8D05-056F1C372A57}"
EndProject
Project("{FAE04EC0-301F-11D3-BF4B-00C04F79EFBC}") = "NUnitTest", "NUnitTest\NUnitTest.csproj", "{7A00902B-B2A6-4B7E-83C6-EEEB8566684C}"
EndProject
Project("{FAE04EC0-301F-11D3-BF4B-00C04F79EFBC}") = "SimpleDemo", "SimpleDemo\SimpleDemo.csproj", "{CAB3DD3C-431D-47D8-A989-B39B51821246}"
EndProject
Global
	GlobalSection(SolutionConfigurationPlatforms) = preSolution
		Debug|Any CPU = Debug|Any CPU
		Release|Any CPU = Release|Any CPU
	EndGlobalSection
	GlobalSection(ProjectConfigurationPlatforms) = postSolution
		{7FD8AD9F-ED77-43FD-8D05-056F1C372A57}.Debug|Any CPU.ActiveCfg = Debug|Any CPU
		{7FD8AD9F-ED77-43FD-8D05-056F1C372A57}.Debug|Any CPU.Build.0 = Debug|Any CPU
		{7FD8AD9F-ED77-43FD-8D05-056F1C372A57}.Release|Any CPU.ActiveCfg = Release|Any CPU
		{7FD8AD9F-ED77-43FD-8D05-056F1C372A57}.Release|Any CPU.Build.0 = Release|Any CPU
		{7A00902B-B2A6-4B7E-83C6-EEEB8566684C}.Debug|Any CPU.ActiveCfg = Debug|Any CPU
		{7A00902B-B2A6-4B7E-83C6-EEEB8566684C}.Debug|Any CPU.Build.0 = Debug|Any CPU
		{7A00902B-B2A6-4B7E-83C6-EEEB8566684C}.Release|Any CPU.ActiveCfg = Release|Any CPU
		{7A00902B-B2A6-4B7E-83C6-EEEB8566684C}.Release|Any CPU.Build.0 = Release|Any CPU
		{CAB3DD3C-431D-47D8-A989-B39B51821246}.Debug|Any CPU.ActiveCfg = Debug|Any CPU
		{CAB3DD3C-431D-47D8-A989-B39B51821246}.Debug|Any CPU.Build.0 = Debug|Any CPU
		{CAB3DD3C-431D-47D8-A989-B39B51821246}.Release|Any CPU.ActiveCfg = Release|Any CPU
		{CAB3DD3C-431D-47D8-A989-B39B51821246}.Release|Any CPU.Build.0 = Release|Any CPU
	EndGlobalSection
	GlobalSection(SolutionProperties) = preSolution
		HideSolutionNode = FALSE
	EndGlobalSection
	GlobalSection(ExtensibilityGlobals) = postSolution
		SolutionGuid = {A910D54F-8AD8-4CC4-9AE3-F076C4AB355A}
	EndGlobalSection
EndGlobal
